
Microsoft Visual Studio Solution File, Format Version 12.00
# Visual Studio 15
VisualStudioVersion = 15.0.28307.168
MinimumVisualStudioVersion = 10.0.40219.1
Project("{2150E333-8FDC-42A3-9474-1A3956D46DE8}") = "Test", "Test", "{8670302E-992E-43BB-BD60-2C37E8956C0B}"
EndProject
Project("{FAE04EC0-301F-11D3-BF4B-00C04F79EFBC}") = "Probel.Gehova.Views", "Probel.Gehova.Views\Probel.Gehova.Views.csproj", "{C8DE839D-B5BD-4221-85E2-D9B6AD35CF06}"
EndProject
Project("{9A19103F-16F7-4668-BE54-9A1E7A4F7556}") = "Probel.Gehova.Business", "Probel.Gehova.Business\Probel.Gehova.Business.csproj", "{249BA3D4-1E1F-4253-A9C9-70AD358DA61F}"
EndProject
Project("{9A19103F-16F7-4668-BE54-9A1E7A4F7556}") = "Probel.Gehova.ViewModels", "Probel.Gehova.ViewModels\Probel.Gehova.ViewModels.csproj", "{649EEDFC-3C92-483F-AE1B-2E5CB6016DA0}"
EndProject
Project("{9A19103F-16F7-4668-BE54-9A1E7A4F7556}") = "Probel.Gehova.Cli", "Probel.Gehova.Cli\Probel.Gehova.Cli.csproj", "{03E3374B-5CF2-4BC5-ABBB-E953809FA449}"
EndProject
Project("{9A19103F-16F7-4668-BE54-9A1E7A4F7556}") = "Probel.Lorm", "Probel.Lorm\Probel.Lorm.csproj", "{6885C340-21FC-4104-BD72-63C85899CBB0}"
EndProject
Global
	GlobalSection(SolutionConfigurationPlatforms) = preSolution
		Debug|Any CPU = Debug|Any CPU
		Debug|ARM = Debug|ARM
		Debug|ARM64 = Debug|ARM64
		Debug|x64 = Debug|x64
		Debug|x86 = Debug|x86
		Release|Any CPU = Release|Any CPU
		Release|ARM = Release|ARM
		Release|ARM64 = Release|ARM64
		Release|x64 = Release|x64
		Release|x86 = Release|x86
	EndGlobalSection
	GlobalSection(ProjectConfigurationPlatforms) = postSolution
		{C8DE839D-B5BD-4221-85E2-D9B6AD35CF06}.Debug|Any CPU.ActiveCfg = Debug|x86
		{C8DE839D-B5BD-4221-85E2-D9B6AD35CF06}.Debug|ARM.ActiveCfg = Debug|ARM
		{C8DE839D-B5BD-4221-85E2-D9B6AD35CF06}.Debug|ARM.Build.0 = Debug|ARM
		{C8DE839D-B5BD-4221-85E2-D9B6AD35CF06}.Debug|ARM.Deploy.0 = Debug|ARM
		{C8DE839D-B5BD-4221-85E2-D9B6AD35CF06}.Debug|ARM64.ActiveCfg = Debug|ARM64
		{C8DE839D-B5BD-4221-85E2-D9B6AD35CF06}.Debug|ARM64.Build.0 = Debug|ARM64
		{C8DE839D-B5BD-4221-85E2-D9B6AD35CF06}.Debug|ARM64.Deploy.0 = Debug|ARM64
		{C8DE839D-B5BD-4221-85E2-D9B6AD35CF06}.Debug|x64.ActiveCfg = Debug|x64
		{C8DE839D-B5BD-4221-85E2-D9B6AD35CF06}.Debug|x64.Build.0 = Debug|x64
		{C8DE839D-B5BD-4221-85E2-D9B6AD35CF06}.Debug|x64.Deploy.0 = Debug|x64
		{C8DE839D-B5BD-4221-85E2-D9B6AD35CF06}.Debug|x86.ActiveCfg = Debug|x86
		{C8DE839D-B5BD-4221-85E2-D9B6AD35CF06}.Debug|x86.Build.0 = Debug|x86
		{C8DE839D-B5BD-4221-85E2-D9B6AD35CF06}.Debug|x86.Deploy.0 = Debug|x86
		{C8DE839D-B5BD-4221-85E2-D9B6AD35CF06}.Release|Any CPU.ActiveCfg = Release|x86
		{C8DE839D-B5BD-4221-85E2-D9B6AD35CF06}.Release|ARM.ActiveCfg = Release|ARM
		{C8DE839D-B5BD-4221-85E2-D9B6AD35CF06}.Release|ARM.Build.0 = Release|ARM
		{C8DE839D-B5BD-4221-85E2-D9B6AD35CF06}.Release|ARM.Deploy.0 = Release|ARM
		{C8DE839D-B5BD-4221-85E2-D9B6AD35CF06}.Release|ARM64.ActiveCfg = Release|ARM64
		{C8DE839D-B5BD-4221-85E2-D9B6AD35CF06}.Release|ARM64.Build.0 = Release|ARM64
		{C8DE839D-B5BD-4221-85E2-D9B6AD35CF06}.Release|ARM64.Deploy.0 = Release|ARM64
		{C8DE839D-B5BD-4221-85E2-D9B6AD35CF06}.Release|x64.ActiveCfg = Release|x64
		{C8DE839D-B5BD-4221-85E2-D9B6AD35CF06}.Release|x64.Build.0 = Release|x64
		{C8DE839D-B5BD-4221-85E2-D9B6AD35CF06}.Release|x64.Deploy.0 = Release|x64
		{C8DE839D-B5BD-4221-85E2-D9B6AD35CF06}.Release|x86.ActiveCfg = Release|x86
		{C8DE839D-B5BD-4221-85E2-D9B6AD35CF06}.Release|x86.Build.0 = Release|x86
		{C8DE839D-B5BD-4221-85E2-D9B6AD35CF06}.Release|x86.Deploy.0 = Release|x86
		{249BA3D4-1E1F-4253-A9C9-70AD358DA61F}.Debug|Any CPU.ActiveCfg = Debug|Any CPU
		{249BA3D4-1E1F-4253-A9C9-70AD358DA61F}.Debug|Any CPU.Build.0 = Debug|Any CPU
		{249BA3D4-1E1F-4253-A9C9-70AD358DA61F}.Debug|ARM.ActiveCfg = Debug|Any CPU
		{249BA3D4-1E1F-4253-A9C9-70AD358DA61F}.Debug|ARM.Build.0 = Debug|Any CPU
		{249BA3D4-1E1F-4253-A9C9-70AD358DA61F}.Debug|ARM64.ActiveCfg = Debug|Any CPU
		{249BA3D4-1E1F-4253-A9C9-70AD358DA61F}.Debug|ARM64.Build.0 = Debug|Any CPU
		{249BA3D4-1E1F-4253-A9C9-70AD358DA61F}.Debug|x64.ActiveCfg = Debug|Any CPU
		{249BA3D4-1E1F-4253-A9C9-70AD358DA61F}.Debug|x64.Build.0 = Debug|Any CPU
		{249BA3D4-1E1F-4253-A9C9-70AD358DA61F}.Debug|x86.ActiveCfg = Debug|Any CPU
		{249BA3D4-1E1F-4253-A9C9-70AD358DA61F}.Debug|x86.Build.0 = Debug|Any CPU
		{249BA3D4-1E1F-4253-A9C9-70AD358DA61F}.Release|Any CPU.ActiveCfg = Release|Any CPU
		{249BA3D4-1E1F-4253-A9C9-70AD358DA61F}.Release|Any CPU.Build.0 = Release|Any CPU
		{249BA3D4-1E1F-4253-A9C9-70AD358DA61F}.Release|ARM.ActiveCfg = Release|Any CPU
		{249BA3D4-1E1F-4253-A9C9-70AD358DA61F}.Release|ARM.Build.0 = Release|Any CPU
		{249BA3D4-1E1F-4253-A9C9-70AD358DA61F}.Release|ARM64.ActiveCfg = Release|Any CPU
		{249BA3D4-1E1F-4253-A9C9-70AD358DA61F}.Release|ARM64.Build.0 = Release|Any CPU
		{249BA3D4-1E1F-4253-A9C9-70AD358DA61F}.Release|x64.ActiveCfg = Release|Any CPU
		{249BA3D4-1E1F-4253-A9C9-70AD358DA61F}.Release|x64.Build.0 = Release|Any CPU
		{249BA3D4-1E1F-4253-A9C9-70AD358DA61F}.Release|x86.ActiveCfg = Release|Any CPU
		{249BA3D4-1E1F-4253-A9C9-70AD358DA61F}.Release|x86.Build.0 = Release|Any CPU
		{649EEDFC-3C92-483F-AE1B-2E5CB6016DA0}.Debug|Any CPU.ActiveCfg = Debug|Any CPU
		{649EEDFC-3C92-483F-AE1B-2E5CB6016DA0}.Debug|Any CPU.Build.0 = Debug|Any CPU
		{649EEDFC-3C92-483F-AE1B-2E5CB6016DA0}.Debug|ARM.ActiveCfg = Debug|Any CPU
		{649EEDFC-3C92-483F-AE1B-2E5CB6016DA0}.Debug|ARM.Build.0 = Debug|Any CPU
		{649EEDFC-3C92-483F-AE1B-2E5CB6016DA0}.Debug|ARM64.ActiveCfg = Debug|Any CPU
		{649EEDFC-3C92-483F-AE1B-2E5CB6016DA0}.Debug|ARM64.Build.0 = Debug|Any CPU
		{649EEDFC-3C92-483F-AE1B-2E5CB6016DA0}.Debug|x64.ActiveCfg = Debug|Any CPU
		{649EEDFC-3C92-483F-AE1B-2E5CB6016DA0}.Debug|x64.Build.0 = Debug|Any CPU
		{649EEDFC-3C92-483F-AE1B-2E5CB6016DA0}.Debug|x86.ActiveCfg = Debug|Any CPU
		{649EEDFC-3C92-483F-AE1B-2E5CB6016DA0}.Debug|x86.Build.0 = Debug|Any CPU
		{649EEDFC-3C92-483F-AE1B-2E5CB6016DA0}.Release|Any CPU.ActiveCfg = Release|Any CPU
		{649EEDFC-3C92-483F-AE1B-2E5CB6016DA0}.Release|Any CPU.Build.0 = Release|Any CPU
		{649EEDFC-3C92-483F-AE1B-2E5CB6016DA0}.Release|ARM.ActiveCfg = Release|Any CPU
		{649EEDFC-3C92-483F-AE1B-2E5CB6016DA0}.Release|ARM.Build.0 = Release|Any CPU
		{649EEDFC-3C92-483F-AE1B-2E5CB6016DA0}.Release|ARM64.ActiveCfg = Release|Any CPU
		{649EEDFC-3C92-483F-AE1B-2E5CB6016DA0}.Release|ARM64.Build.0 = Release|Any CPU
		{649EEDFC-3C92-483F-AE1B-2E5CB6016DA0}.Release|x64.ActiveCfg = Release|Any CPU
		{649EEDFC-3C92-483F-AE1B-2E5CB6016DA0}.Release|x64.Build.0 = Release|Any CPU
		{649EEDFC-3C92-483F-AE1B-2E5CB6016DA0}.Release|x86.ActiveCfg = Release|Any CPU
		{649EEDFC-3C92-483F-AE1B-2E5CB6016DA0}.Release|x86.Build.0 = Release|Any CPU
		{03E3374B-5CF2-4BC5-ABBB-E953809FA449}.Debug|Any CPU.ActiveCfg = Debug|Any CPU
		{03E3374B-5CF2-4BC5-ABBB-E953809FA449}.Debug|Any CPU.Build.0 = Debug|Any CPU
		{03E3374B-5CF2-4BC5-ABBB-E953809FA449}.Debug|ARM.ActiveCfg = Debug|Any CPU
		{03E3374B-5CF2-4BC5-ABBB-E953809FA449}.Debug|ARM.Build.0 = Debug|Any CPU
		{03E3374B-5CF2-4BC5-ABBB-E953809FA449}.Debug|ARM64.ActiveCfg = Debug|Any CPU
		{03E3374B-5CF2-4BC5-ABBB-E953809FA449}.Debug|ARM64.Build.0 = Debug|Any CPU
		{03E3374B-5CF2-4BC5-ABBB-E953809FA449}.Debug|x64.ActiveCfg = Debug|Any CPU
		{03E3374B-5CF2-4BC5-ABBB-E953809FA449}.Debug|x64.Build.0 = Debug|Any CPU
		{03E3374B-5CF2-4BC5-ABBB-E953809FA449}.Debug|x86.ActiveCfg = Debug|Any CPU
		{03E3374B-5CF2-4BC5-ABBB-E953809FA449}.Debug|x86.Build.0 = Debug|Any CPU
		{03E3374B-5CF2-4BC5-ABBB-E953809FA449}.Release|Any CPU.ActiveCfg = Release|Any CPU
		{03E3374B-5CF2-4BC5-ABBB-E953809FA449}.Release|Any CPU.Build.0 = Release|Any CPU
		{03E3374B-5CF2-4BC5-ABBB-E953809FA449}.Release|ARM.ActiveCfg = Release|Any CPU
		{03E3374B-5CF2-4BC5-ABBB-E953809FA449}.Release|ARM.Build.0 = Release|Any CPU
		{03E3374B-5CF2-4BC5-ABBB-E953809FA449}.Release|ARM64.ActiveCfg = Release|Any CPU
		{03E3374B-5CF2-4BC5-ABBB-E953809FA449}.Release|ARM64.Build.0 = Release|Any CPU
		{03E3374B-5CF2-4BC5-ABBB-E953809FA449}.Release|x64.ActiveCfg = Release|Any CPU
		{03E3374B-5CF2-4BC5-ABBB-E953809FA449}.Release|x64.Build.0 = Release|Any CPU
		{03E3374B-5CF2-4BC5-ABBB-E953809FA449}.Release|x86.ActiveCfg = Release|Any CPU
		{03E3374B-5CF2-4BC5-ABBB-E953809FA449}.Release|x86.Build.0 = Release|Any CPU
		{6885C340-21FC-4104-BD72-63C85899CBB0}.Debug|Any CPU.ActiveCfg = Debug|Any CPU
		{6885C340-21FC-4104-BD72-63C85899CBB0}.Debug|Any CPU.Build.0 = Debug|Any CPU
		{6885C340-21FC-4104-BD72-63C85899CBB0}.Debug|ARM.ActiveCfg = Debug|Any CPU
		{6885C340-21FC-4104-BD72-63C85899CBB0}.Debug|ARM.Build.0 = Debug|Any CPU
		{6885C340-21FC-4104-BD72-63C85899CBB0}.Debug|ARM64.ActiveCfg = Debug|Any CPU
		{6885C340-21FC-4104-BD72-63C85899CBB0}.Debug|ARM64.Build.0 = Debug|Any CPU
		{6885C340-21FC-4104-BD72-63C85899CBB0}.Debug|x64.ActiveCfg = Debug|Any CPU
		{6885C340-21FC-4104-BD72-63C85899CBB0}.Debug|x64.Build.0 = Debug|Any CPU
		{6885C340-21FC-4104-BD72-63C85899CBB0}.Debug|x86.ActiveCfg = Debug|Any CPU
		{6885C340-21FC-4104-BD72-63C85899CBB0}.Debug|x86.Build.0 = Debug|Any CPU
		{6885C340-21FC-4104-BD72-63C85899CBB0}.Release|Any CPU.ActiveCfg = Release|Any CPU
		{6885C340-21FC-4104-BD72-63C85899CBB0}.Release|Any CPU.Build.0 = Release|Any CPU
		{6885C340-21FC-4104-BD72-63C85899CBB0}.Release|ARM.ActiveCfg = Release|Any CPU
		{6885C340-21FC-4104-BD72-63C85899CBB0}.Release|ARM.Build.0 = Release|Any CPU
		{6885C340-21FC-4104-BD72-63C85899CBB0}.Release|ARM64.ActiveCfg = Release|Any CPU
		{6885C340-21FC-4104-BD72-63C85899CBB0}.Release|ARM64.Build.0 = Release|Any CPU
		{6885C340-21FC-4104-BD72-63C85899CBB0}.Release|x64.ActiveCfg = Release|Any CPU
		{6885C340-21FC-4104-BD72-63C85899CBB0}.Release|x64.Build.0 = Release|Any CPU
		{6885C340-21FC-4104-BD72-63C85899CBB0}.Release|x86.ActiveCfg = Release|Any CPU
		{6885C340-21FC-4104-BD72-63C85899CBB0}.Release|x86.Build.0 = Release|Any CPU
	EndGlobalSection
	GlobalSection(SolutionProperties) = preSolution
		HideSolutionNode = FALSE
	EndGlobalSection
	GlobalSection(NestedProjects) = preSolution
		{03E3374B-5CF2-4BC5-ABBB-E953809FA449} = {8670302E-992E-43BB-BD60-2C37E8956C0B}
	EndGlobalSection
	GlobalSection(ExtensibilityGlobals) = postSolution
		SolutionGuid = {CBA6E2C7-A6FA-47CA-AEA4-E5AFEC2E1F8F}
	EndGlobalSection
EndGlobal
