
Microsoft Visual Studio Solution File, Format Version 12.00
# Visual Studio 15
VisualStudioVersion = 15.0.28307.168
MinimumVisualStudioVersion = 10.0.40219.1
Project("{FAE04EC0-301F-11D3-BF4B-00C04F79EFBC}") = "Probel.Gehova.Business", "Probel.Gehova.Business\Probel.Gehova.Business.csproj", "{E9C05020-73DE-4833-8D5A-6ADC0A33D7F3}"
EndProject
Project("{2150E333-8FDC-42A3-9474-1A3956D46DE8}") = "Tests", "Tests", "{8670302E-992E-43BB-BD60-2C37E8956C0B}"
EndProject
Project("{FAE04EC0-301F-11D3-BF4B-00C04F79EFBC}") = "Probel.Gehova.Cli", "..\Probel.Gehova.Cli\Probel.Gehova.Cli.csproj", "{90F8AB23-1388-4DE0-82BF-4866EBB21C2C}"
EndProject
Global
	GlobalSection(SolutionConfigurationPlatforms) = preSolution
		Debug|Any CPU = Debug|Any CPU
		Release|Any CPU = Release|Any CPU
	EndGlobalSection
	GlobalSection(ProjectConfigurationPlatforms) = postSolution
		{E9C05020-73DE-4833-8D5A-6ADC0A33D7F3}.Debug|Any CPU.ActiveCfg = Debug|Any CPU
		{E9C05020-73DE-4833-8D5A-6ADC0A33D7F3}.Debug|Any CPU.Build.0 = Debug|Any CPU
		{E9C05020-73DE-4833-8D5A-6ADC0A33D7F3}.Release|Any CPU.ActiveCfg = Release|Any CPU
		{E9C05020-73DE-4833-8D5A-6ADC0A33D7F3}.Release|Any CPU.Build.0 = Release|Any CPU
		{90F8AB23-1388-4DE0-82BF-4866EBB21C2C}.Debug|Any CPU.ActiveCfg = Debug|Any CPU
		{90F8AB23-1388-4DE0-82BF-4866EBB21C2C}.Debug|Any CPU.Build.0 = Debug|Any CPU
		{90F8AB23-1388-4DE0-82BF-4866EBB21C2C}.Release|Any CPU.ActiveCfg = Release|Any CPU
		{90F8AB23-1388-4DE0-82BF-4866EBB21C2C}.Release|Any CPU.Build.0 = Release|Any CPU
	EndGlobalSection
	GlobalSection(SolutionProperties) = preSolution
		HideSolutionNode = FALSE
	EndGlobalSection
	GlobalSection(NestedProjects) = preSolution
		{90F8AB23-1388-4DE0-82BF-4866EBB21C2C} = {8670302E-992E-43BB-BD60-2C37E8956C0B}
	EndGlobalSection
	GlobalSection(ExtensibilityGlobals) = postSolution
		SolutionGuid = {CBA6E2C7-A6FA-47CA-AEA4-E5AFEC2E1F8F}
	EndGlobalSection
EndGlobal
